
Microsoft Visual Studio Solution File, Format Version 12.00
# Visual Studio Version 17
VisualStudioVersion = 17.9.34616.47
MinimumVisualStudioVersion = 10.0.40219.1
Project("{2150E333-8FDC-42A3-9474-1A3956D46DE8}") = "src", "src", "{1C3103C5-6E6E-4ECF-9ED3-BB4825477D5B}"
EndProject
Project("{2150E333-8FDC-42A3-9474-1A3956D46DE8}") = "test", "test", "{BBB5F643-028C-417E-8D5B-1839158D6EAB}"
EndProject
Project("{9A19103F-16F7-4668-BE54-9A1E7A4F7556}") = "Project.Application.Test", "Project.Application.Test\Project.Application.Test.csproj", "{92303E90-5F1C-48A0-A3DD-61D73993B68F}"
EndProject
Project("{9A19103F-16F7-4668-BE54-9A1E7A4F7556}") = "Project.Infrastructure.Test", "Project.Infrastructure.Test\Project.Infrastructure.Test.csproj", "{CDC4B632-2D20-4E46-A122-7CCA675AEC30}"
EndProject
Project("{9A19103F-16F7-4668-BE54-9A1E7A4F7556}") = "Projects.Api.Test", "Projects.Api.Test\Projects.Api.Test.csproj", "{2E9F1F03-9352-4E5D-8B3D-FBD42B0FFC75}"
EndProject
Project("{9A19103F-16F7-4668-BE54-9A1E7A4F7556}") = "Project.Domain.Test", "Project.Domain.Test\Project.Domain.Test.csproj", "{DAD774E2-0024-45ED-89B7-C83C6C0E0CDB}"
EndProject
Project("{9A19103F-16F7-4668-BE54-9A1E7A4F7556}") = "Project.Application", "D:\C#\InventoryManagementProject\Project.Application\Project.Application.csproj", "{242BA874-1F55-484D-BEE6-2DEA6A9333B4}"
EndProject
Project("{9A19103F-16F7-4668-BE54-9A1E7A4F7556}") = "Project.Domain", "D:\C#\InventoryManagementProject\Project.Domain\Project.Domain.csproj", "{BE681CAA-4ABE-4D18-97C7-1F23D5D563B6}"
EndProject
Project("{9A19103F-16F7-4668-BE54-9A1E7A4F7556}") = "Project.Infrastructure", "D:\C#\InventoryManagementProject\Project.Infrastructure\Project.Infrastructure.csproj", "{0D7C6C7B-5DD7-462E-98B4-383A91A8D413}"
EndProject
Project("{9A19103F-16F7-4668-BE54-9A1E7A4F7556}") = "Projects.Api", "D:\C#\InventoryManagementProject\Projects.Api\Projects.Api.csproj", "{CAA71670-4767-442A-B9B0-E84178178494}"
EndProject
Global
	GlobalSection(SolutionConfigurationPlatforms) = preSolution
		Debug|Any CPU = Debug|Any CPU
		Release|Any CPU = Release|Any CPU
	EndGlobalSection
	GlobalSection(ProjectConfigurationPlatforms) = postSolution
		{92303E90-5F1C-48A0-A3DD-61D73993B68F}.Debug|Any CPU.ActiveCfg = Debug|Any CPU
		{92303E90-5F1C-48A0-A3DD-61D73993B68F}.Debug|Any CPU.Build.0 = Debug|Any CPU
		{92303E90-5F1C-48A0-A3DD-61D73993B68F}.Release|Any CPU.ActiveCfg = Release|Any CPU
		{92303E90-5F1C-48A0-A3DD-61D73993B68F}.Release|Any CPU.Build.0 = Release|Any CPU
		{CDC4B632-2D20-4E46-A122-7CCA675AEC30}.Debug|Any CPU.ActiveCfg = Debug|Any CPU
		{CDC4B632-2D20-4E46-A122-7CCA675AEC30}.Debug|Any CPU.Build.0 = Debug|Any CPU
		{CDC4B632-2D20-4E46-A122-7CCA675AEC30}.Release|Any CPU.ActiveCfg = Release|Any CPU
		{CDC4B632-2D20-4E46-A122-7CCA675AEC30}.Release|Any CPU.Build.0 = Release|Any CPU
		{2E9F1F03-9352-4E5D-8B3D-FBD42B0FFC75}.Debug|Any CPU.ActiveCfg = Debug|Any CPU
		{2E9F1F03-9352-4E5D-8B3D-FBD42B0FFC75}.Debug|Any CPU.Build.0 = Debug|Any CPU
		{2E9F1F03-9352-4E5D-8B3D-FBD42B0FFC75}.Release|Any CPU.ActiveCfg = Release|Any CPU
		{2E9F1F03-9352-4E5D-8B3D-FBD42B0FFC75}.Release|Any CPU.Build.0 = Release|Any CPU
		{DAD774E2-0024-45ED-89B7-C83C6C0E0CDB}.Debug|Any CPU.ActiveCfg = Debug|Any CPU
		{DAD774E2-0024-45ED-89B7-C83C6C0E0CDB}.Debug|Any CPU.Build.0 = Debug|Any CPU
		{DAD774E2-0024-45ED-89B7-C83C6C0E0CDB}.Release|Any CPU.ActiveCfg = Release|Any CPU
		{DAD774E2-0024-45ED-89B7-C83C6C0E0CDB}.Release|Any CPU.Build.0 = Release|Any CPU
		{242BA874-1F55-484D-BEE6-2DEA6A9333B4}.Debug|Any CPU.ActiveCfg = Debug|Any CPU
		{242BA874-1F55-484D-BEE6-2DEA6A9333B4}.Debug|Any CPU.Build.0 = Debug|Any CPU
		{242BA874-1F55-484D-BEE6-2DEA6A9333B4}.Release|Any CPU.ActiveCfg = Release|Any CPU
		{242BA874-1F55-484D-BEE6-2DEA6A9333B4}.Release|Any CPU.Build.0 = Release|Any CPU
		{BE681CAA-4ABE-4D18-97C7-1F23D5D563B6}.Debug|Any CPU.ActiveCfg = Debug|Any CPU
		{BE681CAA-4ABE-4D18-97C7-1F23D5D563B6}.Debug|Any CPU.Build.0 = Debug|Any CPU
		{BE681CAA-4ABE-4D18-97C7-1F23D5D563B6}.Release|Any CPU.ActiveCfg = Release|Any CPU
		{BE681CAA-4ABE-4D18-97C7-1F23D5D563B6}.Release|Any CPU.Build.0 = Release|Any CPU
		{0D7C6C7B-5DD7-462E-98B4-383A91A8D413}.Debug|Any CPU.ActiveCfg = Debug|Any CPU
		{0D7C6C7B-5DD7-462E-98B4-383A91A8D413}.Debug|Any CPU.Build.0 = Debug|Any CPU
		{0D7C6C7B-5DD7-462E-98B4-383A91A8D413}.Release|Any CPU.ActiveCfg = Release|Any CPU
		{0D7C6C7B-5DD7-462E-98B4-383A91A8D413}.Release|Any CPU.Build.0 = Release|Any CPU
		{CAA71670-4767-442A-B9B0-E84178178494}.Debug|Any CPU.ActiveCfg = Debug|Any CPU
		{CAA71670-4767-442A-B9B0-E84178178494}.Debug|Any CPU.Build.0 = Debug|Any CPU
		{CAA71670-4767-442A-B9B0-E84178178494}.Release|Any CPU.ActiveCfg = Release|Any CPU
		{CAA71670-4767-442A-B9B0-E84178178494}.Release|Any CPU.Build.0 = Release|Any CPU
	EndGlobalSection
	GlobalSection(SolutionProperties) = preSolution
		HideSolutionNode = FALSE
	EndGlobalSection
	GlobalSection(NestedProjects) = preSolution
		{92303E90-5F1C-48A0-A3DD-61D73993B68F} = {BBB5F643-028C-417E-8D5B-1839158D6EAB}
		{CDC4B632-2D20-4E46-A122-7CCA675AEC30} = {BBB5F643-028C-417E-8D5B-1839158D6EAB}
		{2E9F1F03-9352-4E5D-8B3D-FBD42B0FFC75} = {BBB5F643-028C-417E-8D5B-1839158D6EAB}
		{DAD774E2-0024-45ED-89B7-C83C6C0E0CDB} = {BBB5F643-028C-417E-8D5B-1839158D6EAB}
		{242BA874-1F55-484D-BEE6-2DEA6A9333B4} = {1C3103C5-6E6E-4ECF-9ED3-BB4825477D5B}
		{BE681CAA-4ABE-4D18-97C7-1F23D5D563B6} = {1C3103C5-6E6E-4ECF-9ED3-BB4825477D5B}
		{0D7C6C7B-5DD7-462E-98B4-383A91A8D413} = {1C3103C5-6E6E-4ECF-9ED3-BB4825477D5B}
		{CAA71670-4767-442A-B9B0-E84178178494} = {1C3103C5-6E6E-4ECF-9ED3-BB4825477D5B}
	EndGlobalSection
	GlobalSection(ExtensibilityGlobals) = postSolution
		SolutionGuid = {AF79662C-ABD2-4015-9A1C-98F0C3153E8C}
	EndGlobalSection
EndGlobal
