
Microsoft Visual Studio Solution File, Format Version 12.00
# Visual Studio Version 17
VisualStudioVersion = 17.9.34616.47
MinimumVisualStudioVersion = 10.0.40219.1
Project("{2150E333-8FDC-42A3-9474-1A3956D46DE8}") = "src", "src", "{1C3103C5-6E6E-4ECF-9ED3-BB4825477D5B}"
EndProject
Project("{9A19103F-16F7-4668-BE54-9A1E7A4F7556}") = "Project.Application", "Project.Application\Project.Application.csproj", "{555E4E08-E3EE-43DA-A966-16574FF0CD97}"
EndProject
Project("{9A19103F-16F7-4668-BE54-9A1E7A4F7556}") = "Project.Domain", "Project.Domain\Project.Domain.csproj", "{27355112-3156-418A-8A1F-0CE5809BF9C0}"
EndProject
Project("{9A19103F-16F7-4668-BE54-9A1E7A4F7556}") = "Project.Infrastructure", "Project.Infrastructure\Project.Infrastructure.csproj", "{532DF2FD-A98A-470A-BBE8-C49D7219FD8B}"
EndProject
Project("{2150E333-8FDC-42A3-9474-1A3956D46DE8}") = "test", "test", "{BBB5F643-028C-417E-8D5B-1839158D6EAB}"
EndProject
Project("{9A19103F-16F7-4668-BE54-9A1E7A4F7556}") = "Project.Application.Test", "Project.Application.Test\Project.Application.Test.csproj", "{92303E90-5F1C-48A0-A3DD-61D73993B68F}"
EndProject
Project("{9A19103F-16F7-4668-BE54-9A1E7A4F7556}") = "Project.Infrastructure.Test", "Project.Infrastructure.Test\Project.Infrastructure.Test.csproj", "{CDC4B632-2D20-4E46-A122-7CCA675AEC30}"
EndProject
Project("{9A19103F-16F7-4668-BE54-9A1E7A4F7556}") = "Projects.Api.Test", "Projects.Api.Test\Projects.Api.Test.csproj", "{2E9F1F03-9352-4E5D-8B3D-FBD42B0FFC75}"
EndProject
Global
	GlobalSection(SolutionConfigurationPlatforms) = preSolution
		Debug|Any CPU = Debug|Any CPU
		Release|Any CPU = Release|Any CPU
	EndGlobalSection
	GlobalSection(ProjectConfigurationPlatforms) = postSolution
		{555E4E08-E3EE-43DA-A966-16574FF0CD97}.Debug|Any CPU.ActiveCfg = Debug|Any CPU
		{555E4E08-E3EE-43DA-A966-16574FF0CD97}.Debug|Any CPU.Build.0 = Debug|Any CPU
		{555E4E08-E3EE-43DA-A966-16574FF0CD97}.Release|Any CPU.ActiveCfg = Release|Any CPU
		{555E4E08-E3EE-43DA-A966-16574FF0CD97}.Release|Any CPU.Build.0 = Release|Any CPU
		{27355112-3156-418A-8A1F-0CE5809BF9C0}.Debug|Any CPU.ActiveCfg = Debug|Any CPU
		{27355112-3156-418A-8A1F-0CE5809BF9C0}.Debug|Any CPU.Build.0 = Debug|Any CPU
		{27355112-3156-418A-8A1F-0CE5809BF9C0}.Release|Any CPU.ActiveCfg = Release|Any CPU
		{27355112-3156-418A-8A1F-0CE5809BF9C0}.Release|Any CPU.Build.0 = Release|Any CPU
		{532DF2FD-A98A-470A-BBE8-C49D7219FD8B}.Debug|Any CPU.ActiveCfg = Debug|Any CPU
		{532DF2FD-A98A-470A-BBE8-C49D7219FD8B}.Debug|Any CPU.Build.0 = Debug|Any CPU
		{532DF2FD-A98A-470A-BBE8-C49D7219FD8B}.Release|Any CPU.ActiveCfg = Release|Any CPU
		{532DF2FD-A98A-470A-BBE8-C49D7219FD8B}.Release|Any CPU.Build.0 = Release|Any CPU
		{92303E90-5F1C-48A0-A3DD-61D73993B68F}.Debug|Any CPU.ActiveCfg = Debug|Any CPU
		{92303E90-5F1C-48A0-A3DD-61D73993B68F}.Debug|Any CPU.Build.0 = Debug|Any CPU
		{92303E90-5F1C-48A0-A3DD-61D73993B68F}.Release|Any CPU.ActiveCfg = Release|Any CPU
		{92303E90-5F1C-48A0-A3DD-61D73993B68F}.Release|Any CPU.Build.0 = Release|Any CPU
		{CDC4B632-2D20-4E46-A122-7CCA675AEC30}.Debug|Any CPU.ActiveCfg = Debug|Any CPU
		{CDC4B632-2D20-4E46-A122-7CCA675AEC30}.Debug|Any CPU.Build.0 = Debug|Any CPU
		{CDC4B632-2D20-4E46-A122-7CCA675AEC30}.Release|Any CPU.ActiveCfg = Release|Any CPU
		{CDC4B632-2D20-4E46-A122-7CCA675AEC30}.Release|Any CPU.Build.0 = Release|Any CPU
		{2E9F1F03-9352-4E5D-8B3D-FBD42B0FFC75}.Debug|Any CPU.ActiveCfg = Debug|Any CPU
		{2E9F1F03-9352-4E5D-8B3D-FBD42B0FFC75}.Debug|Any CPU.Build.0 = Debug|Any CPU
		{2E9F1F03-9352-4E5D-8B3D-FBD42B0FFC75}.Release|Any CPU.ActiveCfg = Release|Any CPU
		{2E9F1F03-9352-4E5D-8B3D-FBD42B0FFC75}.Release|Any CPU.Build.0 = Release|Any CPU
	EndGlobalSection
	GlobalSection(SolutionProperties) = preSolution
		HideSolutionNode = FALSE
	EndGlobalSection
	GlobalSection(NestedProjects) = preSolution
		{555E4E08-E3EE-43DA-A966-16574FF0CD97} = {1C3103C5-6E6E-4ECF-9ED3-BB4825477D5B}
		{27355112-3156-418A-8A1F-0CE5809BF9C0} = {1C3103C5-6E6E-4ECF-9ED3-BB4825477D5B}
		{532DF2FD-A98A-470A-BBE8-C49D7219FD8B} = {1C3103C5-6E6E-4ECF-9ED3-BB4825477D5B}
		{92303E90-5F1C-48A0-A3DD-61D73993B68F} = {BBB5F643-028C-417E-8D5B-1839158D6EAB}
		{CDC4B632-2D20-4E46-A122-7CCA675AEC30} = {BBB5F643-028C-417E-8D5B-1839158D6EAB}
		{2E9F1F03-9352-4E5D-8B3D-FBD42B0FFC75} = {BBB5F643-028C-417E-8D5B-1839158D6EAB}
	EndGlobalSection
	GlobalSection(ExtensibilityGlobals) = postSolution
		SolutionGuid = {AF79662C-ABD2-4015-9A1C-98F0C3153E8C}
	EndGlobalSection
EndGlobal
